// !$*UTF8*$!
{
	archiveVersion = 1;
	classes = {
	};
	objectVersion = 46;
	objects = {

/* Begin PBXBuildFile section */
		D36AF02E1884A0A1003D24B6 /* QuartzCore.framework in Frameworks */ = {isa = PBXBuildFile; fileRef = D36AF02D1884A0A1003D24B6 /* QuartzCore.framework */; };
		D36AF0301884A0A1003D24B6 /* OpenGLES.framework in Frameworks */ = {isa = PBXBuildFile; fileRef = D36AF02F1884A0A1003D24B6 /* OpenGLES.framework */; };
		D36AF0321884A0A1003D24B6 /* OpenAL.framework in Frameworks */ = {isa = PBXBuildFile; fileRef = D36AF0311884A0A1003D24B6 /* OpenAL.framework */; };
		D36AF0341884A0A1003D24B6 /* AudioToolbox.framework in Frameworks */ = {isa = PBXBuildFile; fileRef = D36AF0331884A0A1003D24B6 /* AudioToolbox.framework */; };
		D36AF0361884A0A1003D24B6 /* AVFoundation.framework in Frameworks */ = {isa = PBXBuildFile; fileRef = D36AF0351884A0A1003D24B6 /* AVFoundation.framework */; };
		D36AF0381884A0A1003D24B6 /* UIKit.framework in Frameworks */ = {isa = PBXBuildFile; fileRef = D36AF0371884A0A1003D24B6 /* UIKit.framework */; };
		D36AF03A1884A0A1003D24B6 /* Foundation.framework in Frameworks */ = {isa = PBXBuildFile; fileRef = D36AF0391884A0A1003D24B6 /* Foundation.framework */; };
		D36AF03C1884A0A1003D24B6 /* CoreGraphics.framework in Frameworks */ = {isa = PBXBuildFile; fileRef = D36AF03B1884A0A1003D24B6 /* CoreGraphics.framework */; };
		D36AF03E1884A0A1003D24B6 /* CoreText.framework in Frameworks */ = {isa = PBXBuildFile; fileRef = D36AF03D1884A0A1003D24B6 /* CoreText.framework */; };
		D36AF0481884A0A1003D24B6 /* Default.png in Resources */ = {isa = PBXBuildFile; fileRef = D36AF0471884A0A1003D24B6 /* Default.png */; };
		D36AF04A1884A0A1003D24B6 /* Default@2x.png in Resources */ = {isa = PBXBuildFile; fileRef = D36AF0491884A0A1003D24B6 /* Default@2x.png */; };
		D36AF04C1884A0A1003D24B6 /* Default-568h@2x.png in Resources */ = {isa = PBXBuildFile; fileRef = D36AF04B1884A0A1003D24B6 /* Default-568h@2x.png */; };
		D36AF04E1884A0A1003D24B6 /* Default-Landscape~ipad.png in Resources */ = {isa = PBXBuildFile; fileRef = D36AF04D1884A0A1003D24B6 /* Default-Landscape~ipad.png */; };
		D36AF0511884A0A1003D24B6 /* Icon.png in Resources */ = {isa = PBXBuildFile; fileRef = D36AF0501884A0A1003D24B6 /* Icon.png */; };
		D36AF0531884A0A1003D24B6 /* Icon@2x.png in Resources */ = {isa = PBXBuildFile; fileRef = D36AF0521884A0A1003D24B6 /* Icon@2x.png */; };
		D36AF0551884A0A1003D24B6 /* Icon-72.png in Resources */ = {isa = PBXBuildFile; fileRef = D36AF0541884A0A1003D24B6 /* Icon-72.png */; };
		D36AF0571884A0A1003D24B6 /* Icon-72@2x.png in Resources */ = {isa = PBXBuildFile; fileRef = D36AF0561884A0A1003D24B6 /* Icon-72@2x.png */; };
		D36AF0591884A0A1003D24B6 /* Icon-76.png in Resources */ = {isa = PBXBuildFile; fileRef = D36AF0581884A0A1003D24B6 /* Icon-76.png */; };
		D36AF05B1884A0A1003D24B6 /* Icon-76@2x.png in Resources */ = {isa = PBXBuildFile; fileRef = D36AF05A1884A0A1003D24B6 /* Icon-76@2x.png */; };
		D36AF05D1884A0A1003D24B6 /* Icon-120.png in Resources */ = {isa = PBXBuildFile; fileRef = D36AF05C1884A0A1003D24B6 /* Icon-120.png */; };
		D36AF05F1884A0A1003D24B6 /* Icon-iPad-Spotlight-iOS7@2x.png in Resources */ = {isa = PBXBuildFile; fileRef = D36AF05E1884A0A1003D24B6 /* Icon-iPad-Spotlight-iOS7@2x.png */; };
		D36AF0611884A0A1003D24B6 /* Icon-Small-50.png in Resources */ = {isa = PBXBuildFile; fileRef = D36AF0601884A0A1003D24B6 /* Icon-Small-50.png */; };
		D36AF0631884A0A1003D24B6 /* Icon-Small.png in Resources */ = {isa = PBXBuildFile; fileRef = D36AF0621884A0A1003D24B6 /* Icon-Small.png */; };
		D36AF0651884A0A2003D24B6 /* Icon-Small@2x.png in Resources */ = {isa = PBXBuildFile; fileRef = D36AF0641884A0A1003D24B6 /* Icon-Small@2x.png */; };
		D36AF0671884A0A2003D24B6 /* Icon-Spotlight-iOS7.png in Resources */ = {isa = PBXBuildFile; fileRef = D36AF0661884A0A2003D24B6 /* Icon-Spotlight-iOS7.png */; };
		D36AF0691884A0A2003D24B6 /* Icon-Spotlight-iOS7@2x.png in Resources */ = {isa = PBXBuildFile; fileRef = D36AF0681884A0A2003D24B6 /* Icon-Spotlight-iOS7@2x.png */; };
		D36AF2D31884A0A4003D24B6 /* main.m in Sources */ = {isa = PBXBuildFile; fileRef = D36AF2D21884A0A4003D24B6 /* main.m */; };
		D36AF2D71884A0A4003D24B6 /* AppDelegate.m in Sources */ = {isa = PBXBuildFile; fileRef = D36AF2D61884A0A4003D24B6 /* AppDelegate.m */; };
		D36AF3071884A328003D24B6 /* Ball.m in Sources */ = {isa = PBXBuildFile; fileRef = D36AF3041884A328003D24B6 /* Ball.m */; };
		D36AF3081884A328003D24B6 /* ColorMatchScene.m in Sources */ = {isa = PBXBuildFile; fileRef = D36AF3061884A328003D24B6 /* ColorMatchScene.m */; };
		D36AF3111884A3E7003D24B6 /* Background-hd.png in Resources */ = {isa = PBXBuildFile; fileRef = D36AF3091884A3E7003D24B6 /* Background-hd.png */; };
		D36AF3121884A3E7003D24B6 /* Ball_blue-hd.png in Resources */ = {isa = PBXBuildFile; fileRef = D36AF30A1884A3E7003D24B6 /* Ball_blue-hd.png */; };
		D36AF3131884A3E7003D24B6 /* Ball_green-hd.png in Resources */ = {isa = PBXBuildFile; fileRef = D36AF30B1884A3E7003D24B6 /* Ball_green-hd.png */; };
		D36AF3141884A3E7003D24B6 /* Ball_orange-hd.png in Resources */ = {isa = PBXBuildFile; fileRef = D36AF30C1884A3E7003D24B6 /* Ball_orange-hd.png */; };
		D36AF3151884A3E7003D24B6 /* Ball_red-hd.png in Resources */ = {isa = PBXBuildFile; fileRef = D36AF30D1884A3E7003D24B6 /* Ball_red-hd.png */; };
		D36AF3161884A3E7003D24B6 /* Ball_violet-hd.png in Resources */ = {isa = PBXBuildFile; fileRef = D36AF30E1884A3E7003D24B6 /* Ball_violet-hd.png */; };
		D36AF3171884A3E7003D24B6 /* Ball_yellow-hd.png in Resources */ = {isa = PBXBuildFile; fileRef = D36AF30F1884A3E7003D24B6 /* Ball_yellow-hd.png */; };
		D36AF3181884A3E7003D24B6 /* Foreground-hd.png in Resources */ = {isa = PBXBuildFile; fileRef = D36AF3101884A3E7003D24B6 /* Foreground-hd.png */; };
		D36AF31D1884A42D003D24B6 /* ploop.wav in Resources */ = {isa = PBXBuildFile; fileRef = D36AF3191884A42D003D24B6 /* ploop.wav */; };
		D36AF31E1884A42D003D24B6 /* pop.plist in Resources */ = {isa = PBXBuildFile; fileRef = D36AF31A1884A42D003D24B6 /* pop.plist */; };
		D36AF31F1884A42D003D24B6 /* pop.wav in Resources */ = {isa = PBXBuildFile; fileRef = D36AF31B1884A42D003D24B6 /* pop.wav */; };
		D36AF3201884A42D003D24B6 /* thump.wav in Resources */ = {isa = PBXBuildFile; fileRef = D36AF31C1884A42D003D24B6 /* thump.wav */; };
		D376734118FC225200017138 /* libcocos2d.a in Frameworks */ = {isa = PBXBuildFile; fileRef = D376733D18FC216200017138 /* libcocos2d.a */; };
		D3B05DF0188ED38B00613617 /* Background.png in Resources */ = {isa = PBXBuildFile; fileRef = D3B05DE8188ED38B00613617 /* Background.png */; };
		D3B05DF1188ED38B00613617 /* Ball_blue.png in Resources */ = {isa = PBXBuildFile; fileRef = D3B05DE9188ED38B00613617 /* Ball_blue.png */; };
		D3B05DF2188ED38B00613617 /* Ball_green.png in Resources */ = {isa = PBXBuildFile; fileRef = D3B05DEA188ED38B00613617 /* Ball_green.png */; };
		D3B05DF3188ED38B00613617 /* Ball_orange.png in Resources */ = {isa = PBXBuildFile; fileRef = D3B05DEB188ED38B00613617 /* Ball_orange.png */; };
		D3B05DF4188ED38B00613617 /* Ball_red.png in Resources */ = {isa = PBXBuildFile; fileRef = D3B05DEC188ED38B00613617 /* Ball_red.png */; };
		D3B05DF5188ED38B00613617 /* Ball_violet.png in Resources */ = {isa = PBXBuildFile; fileRef = D3B05DED188ED38B00613617 /* Ball_violet.png */; };
		D3B05DF6188ED38B00613617 /* Ball_yellow.png in Resources */ = {isa = PBXBuildFile; fileRef = D3B05DEE188ED38B00613617 /* Ball_yellow.png */; };
		D3B05DF7188ED38B00613617 /* Foreground.png in Resources */ = {isa = PBXBuildFile; fileRef = D3B05DEF188ED38B00613617 /* Foreground.png */; };
/* End PBXBuildFile section */

/* Begin PBXContainerItemProxy section */
		D376733C18FC216200017138 /* PBXContainerItemProxy */ = {
			isa = PBXContainerItemProxy;
			containerPortal = D376733618FC216100017138 /* cocos2d-ios.xcodeproj */;
			proxyType = 2;
			remoteGlobalIDString = 5018F24D0DFDEAC400C013A5;
			remoteInfo = cocos2d;
		};
		D376733E18FC218100017138 /* PBXContainerItemProxy */ = {
			isa = PBXContainerItemProxy;
			containerPortal = D376733618FC216100017138 /* cocos2d-ios.xcodeproj */;
			proxyType = 1;
			remoteGlobalIDString = 5018F24C0DFDEAC400C013A5;
			remoteInfo = cocos2d;
		};
/* End PBXContainerItemProxy section */

/* Begin PBXFileReference section */
		D36AF02A1884A0A1003D24B6 /* CCPhysicsColorMatch.app */ = {isa = PBXFileReference; explicitFileType = wrapper.application; includeInIndex = 0; path = CCPhysicsColorMatch.app; sourceTree = BUILT_PRODUCTS_DIR; };
		D36AF02D1884A0A1003D24B6 /* QuartzCore.framework */ = {isa = PBXFileReference; lastKnownFileType = wrapper.framework; name = QuartzCore.framework; path = System/Library/Frameworks/QuartzCore.framework; sourceTree = SDKROOT; };
		D36AF02F1884A0A1003D24B6 /* OpenGLES.framework */ = {isa = PBXFileReference; lastKnownFileType = wrapper.framework; name = OpenGLES.framework; path = System/Library/Frameworks/OpenGLES.framework; sourceTree = SDKROOT; };
		D36AF0311884A0A1003D24B6 /* OpenAL.framework */ = {isa = PBXFileReference; lastKnownFileType = wrapper.framework; name = OpenAL.framework; path = System/Library/Frameworks/OpenAL.framework; sourceTree = SDKROOT; };
		D36AF0331884A0A1003D24B6 /* AudioToolbox.framework */ = {isa = PBXFileReference; lastKnownFileType = wrapper.framework; name = AudioToolbox.framework; path = System/Library/Frameworks/AudioToolbox.framework; sourceTree = SDKROOT; };
		D36AF0351884A0A1003D24B6 /* AVFoundation.framework */ = {isa = PBXFileReference; lastKnownFileType = wrapper.framework; name = AVFoundation.framework; path = System/Library/Frameworks/AVFoundation.framework; sourceTree = SDKROOT; };
		D36AF0371884A0A1003D24B6 /* UIKit.framework */ = {isa = PBXFileReference; lastKnownFileType = wrapper.framework; name = UIKit.framework; path = System/Library/Frameworks/UIKit.framework; sourceTree = SDKROOT; };
		D36AF0391884A0A1003D24B6 /* Foundation.framework */ = {isa = PBXFileReference; lastKnownFileType = wrapper.framework; name = Foundation.framework; path = System/Library/Frameworks/Foundation.framework; sourceTree = SDKROOT; };
		D36AF03B1884A0A1003D24B6 /* CoreGraphics.framework */ = {isa = PBXFileReference; lastKnownFileType = wrapper.framework; name = CoreGraphics.framework; path = System/Library/Frameworks/CoreGraphics.framework; sourceTree = SDKROOT; };
		D36AF03D1884A0A1003D24B6 /* CoreText.framework */ = {isa = PBXFileReference; lastKnownFileType = wrapper.framework; name = CoreText.framework; path = System/Library/Frameworks/CoreText.framework; sourceTree = SDKROOT; };
		D36AF0471884A0A1003D24B6 /* Default.png */ = {isa = PBXFileReference; lastKnownFileType = image.png; name = Default.png; path = Resources/Default.png; sourceTree = "<group>"; };
		D36AF0491884A0A1003D24B6 /* Default@2x.png */ = {isa = PBXFileReference; lastKnownFileType = image.png; name = "Default@2x.png"; path = "Resources/Default@2x.png"; sourceTree = "<group>"; };
		D36AF04B1884A0A1003D24B6 /* Default-568h@2x.png */ = {isa = PBXFileReference; lastKnownFileType = image.png; name = "Default-568h@2x.png"; path = "Resources/Default-568h@2x.png"; sourceTree = "<group>"; };
		D36AF04D1884A0A1003D24B6 /* Default-Landscape~ipad.png */ = {isa = PBXFileReference; lastKnownFileType = image.png; name = "Default-Landscape~ipad.png"; path = "Resources/Default-Landscape~ipad.png"; sourceTree = "<group>"; };
		D36AF0501884A0A1003D24B6 /* Icon.png */ = {isa = PBXFileReference; lastKnownFileType = image.png; name = Icon.png; path = Resources/Icons/Icon.png; sourceTree = "<group>"; };
		D36AF0521884A0A1003D24B6 /* Icon@2x.png */ = {isa = PBXFileReference; lastKnownFileType = image.png; name = "Icon@2x.png"; path = "Resources/Icons/Icon@2x.png"; sourceTree = "<group>"; };
		D36AF0541884A0A1003D24B6 /* Icon-72.png */ = {isa = PBXFileReference; lastKnownFileType = image.png; name = "Icon-72.png"; path = "Resources/Icons/Icon-72.png"; sourceTree = "<group>"; };
		D36AF0561884A0A1003D24B6 /* Icon-72@2x.png */ = {isa = PBXFileReference; lastKnownFileType = image.png; name = "Icon-72@2x.png"; path = "Resources/Icons/Icon-72@2x.png"; sourceTree = "<group>"; };
		D36AF0581884A0A1003D24B6 /* Icon-76.png */ = {isa = PBXFileReference; lastKnownFileType = image.png; name = "Icon-76.png"; path = "Resources/Icons/Icon-76.png"; sourceTree = "<group>"; };
		D36AF05A1884A0A1003D24B6 /* Icon-76@2x.png */ = {isa = PBXFileReference; lastKnownFileType = image.png; name = "Icon-76@2x.png"; path = "Resources/Icons/Icon-76@2x.png"; sourceTree = "<group>"; };
		D36AF05C1884A0A1003D24B6 /* Icon-120.png */ = {isa = PBXFileReference; lastKnownFileType = image.png; name = "Icon-120.png"; path = "Resources/Icons/Icon-120.png"; sourceTree = "<group>"; };
		D36AF05E1884A0A1003D24B6 /* Icon-iPad-Spotlight-iOS7@2x.png */ = {isa = PBXFileReference; lastKnownFileType = image.png; name = "Icon-iPad-Spotlight-iOS7@2x.png"; path = "Resources/Icons/Icon-iPad-Spotlight-iOS7@2x.png"; sourceTree = "<group>"; };
		D36AF0601884A0A1003D24B6 /* Icon-Small-50.png */ = {isa = PBXFileReference; lastKnownFileType = image.png; name = "Icon-Small-50.png"; path = "Resources/Icons/Icon-Small-50.png"; sourceTree = "<group>"; };
		D36AF0621884A0A1003D24B6 /* Icon-Small.png */ = {isa = PBXFileReference; lastKnownFileType = image.png; name = "Icon-Small.png"; path = "Resources/Icons/Icon-Small.png"; sourceTree = "<group>"; };
		D36AF0641884A0A1003D24B6 /* Icon-Small@2x.png */ = {isa = PBXFileReference; lastKnownFileType = image.png; name = "Icon-Small@2x.png"; path = "Resources/Icons/Icon-Small@2x.png"; sourceTree = "<group>"; };
		D36AF0661884A0A2003D24B6 /* Icon-Spotlight-iOS7.png */ = {isa = PBXFileReference; lastKnownFileType = image.png; name = "Icon-Spotlight-iOS7.png"; path = "Resources/Icons/Icon-Spotlight-iOS7.png"; sourceTree = "<group>"; };
		D36AF0681884A0A2003D24B6 /* Icon-Spotlight-iOS7@2x.png */ = {isa = PBXFileReference; lastKnownFileType = image.png; name = "Icon-Spotlight-iOS7@2x.png"; path = "Resources/Icons/Icon-Spotlight-iOS7@2x.png"; sourceTree = "<group>"; };
		D36AF06A1884A0A2003D24B6 /* Info.plist */ = {isa = PBXFileReference; lastKnownFileType = text.plist.xml; name = Info.plist; path = Resources/Info.plist; sourceTree = "<group>"; };
		D36AF2D11884A0A4003D24B6 /* Prefix.pch */ = {isa = PBXFileReference; lastKnownFileType = sourcecode.c.h; name = Prefix.pch; path = "Supporting Files/Prefix.pch"; sourceTree = "<group>"; };
		D36AF2D21884A0A4003D24B6 /* main.m */ = {isa = PBXFileReference; lastKnownFileType = sourcecode.c.objc; name = main.m; path = "Supporting Files/main.m"; sourceTree = "<group>"; };
		D36AF2D51884A0A4003D24B6 /* AppDelegate.h */ = {isa = PBXFileReference; lastKnownFileType = sourcecode.c.h; name = AppDelegate.h; path = Classes/AppDelegate.h; sourceTree = "<group>"; };
		D36AF2D61884A0A4003D24B6 /* AppDelegate.m */ = {isa = PBXFileReference; lastKnownFileType = sourcecode.c.objc; name = AppDelegate.m; path = Classes/AppDelegate.m; sourceTree = "<group>"; };
		D36AF3031884A328003D24B6 /* Ball.h */ = {isa = PBXFileReference; fileEncoding = 4; lastKnownFileType = sourcecode.c.h; name = Ball.h; path = Classes/Ball.h; sourceTree = "<group>"; };
		D36AF3041884A328003D24B6 /* Ball.m */ = {isa = PBXFileReference; fileEncoding = 4; lastKnownFileType = sourcecode.c.objc; name = Ball.m; path = Classes/Ball.m; sourceTree = "<group>"; };
		D36AF3051884A328003D24B6 /* ColorMatchScene.h */ = {isa = PBXFileReference; fileEncoding = 4; lastKnownFileType = sourcecode.c.h; name = ColorMatchScene.h; path = Classes/ColorMatchScene.h; sourceTree = "<group>"; };
		D36AF3061884A328003D24B6 /* ColorMatchScene.m */ = {isa = PBXFileReference; fileEncoding = 4; lastKnownFileType = sourcecode.c.objc; name = ColorMatchScene.m; path = Classes/ColorMatchScene.m; sourceTree = "<group>"; };
		D36AF3091884A3E7003D24B6 /* Background-hd.png */ = {isa = PBXFileReference; lastKnownFileType = image.png; name = "Background-hd.png"; path = "Resources/Background-hd.png"; sourceTree = "<group>"; };
		D36AF30A1884A3E7003D24B6 /* Ball_blue-hd.png */ = {isa = PBXFileReference; lastKnownFileType = image.png; name = "Ball_blue-hd.png"; path = "Resources/Ball_blue-hd.png"; sourceTree = "<group>"; };
		D36AF30B1884A3E7003D24B6 /* Ball_green-hd.png */ = {isa = PBXFileReference; lastKnownFileType = image.png; name = "Ball_green-hd.png"; path = "Resources/Ball_green-hd.png"; sourceTree = "<group>"; };
		D36AF30C1884A3E7003D24B6 /* Ball_orange-hd.png */ = {isa = PBXFileReference; lastKnownFileType = image.png; name = "Ball_orange-hd.png"; path = "Resources/Ball_orange-hd.png"; sourceTree = "<group>"; };
		D36AF30D1884A3E7003D24B6 /* Ball_red-hd.png */ = {isa = PBXFileReference; lastKnownFileType = image.png; name = "Ball_red-hd.png"; path = "Resources/Ball_red-hd.png"; sourceTree = "<group>"; };
		D36AF30E1884A3E7003D24B6 /* Ball_violet-hd.png */ = {isa = PBXFileReference; lastKnownFileType = image.png; name = "Ball_violet-hd.png"; path = "Resources/Ball_violet-hd.png"; sourceTree = "<group>"; };
		D36AF30F1884A3E7003D24B6 /* Ball_yellow-hd.png */ = {isa = PBXFileReference; lastKnownFileType = image.png; name = "Ball_yellow-hd.png"; path = "Resources/Ball_yellow-hd.png"; sourceTree = "<group>"; };
		D36AF3101884A3E7003D24B6 /* Foreground-hd.png */ = {isa = PBXFileReference; lastKnownFileType = image.png; name = "Foreground-hd.png"; path = "Resources/Foreground-hd.png"; sourceTree = "<group>"; };
		D36AF3191884A42D003D24B6 /* ploop.wav */ = {isa = PBXFileReference; lastKnownFileType = audio.wav; name = ploop.wav; path = Resources/ploop.wav; sourceTree = "<group>"; };
		D36AF31A1884A42D003D24B6 /* pop.plist */ = {isa = PBXFileReference; fileEncoding = 4; lastKnownFileType = text.plist.xml; name = pop.plist; path = Resources/pop.plist; sourceTree = "<group>"; };
		D36AF31B1884A42D003D24B6 /* pop.wav */ = {isa = PBXFileReference; lastKnownFileType = audio.wav; name = pop.wav; path = Resources/pop.wav; sourceTree = "<group>"; };
		D36AF31C1884A42D003D24B6 /* thump.wav */ = {isa = PBXFileReference; lastKnownFileType = audio.wav; name = thump.wav; path = Resources/thump.wav; sourceTree = "<group>"; };
		D376733618FC216100017138 /* cocos2d-ios.xcodeproj */ = {isa = PBXFileReference; lastKnownFileType = "wrapper.pb-project"; name = "cocos2d-ios.xcodeproj"; path = "Cocos2D/cocos2d-ios.xcodeproj"; sourceTree = "<group>"; };
		D3B05DE8188ED38B00613617 /* Background.png */ = {isa = PBXFileReference; lastKnownFileType = image.png; name = Background.png; path = Resources/Background.png; sourceTree = "<group>"; };
		D3B05DE9188ED38B00613617 /* Ball_blue.png */ = {isa = PBXFileReference; lastKnownFileType = image.png; name = Ball_blue.png; path = Resources/Ball_blue.png; sourceTree = "<group>"; };
		D3B05DEA188ED38B00613617 /* Ball_green.png */ = {isa = PBXFileReference; lastKnownFileType = image.png; name = Ball_green.png; path = Resources/Ball_green.png; sourceTree = "<group>"; };
		D3B05DEB188ED38B00613617 /* Ball_orange.png */ = {isa = PBXFileReference; lastKnownFileType = image.png; name = Ball_orange.png; path = Resources/Ball_orange.png; sourceTree = "<group>"; };
		D3B05DEC188ED38B00613617 /* Ball_red.png */ = {isa = PBXFileReference; lastKnownFileType = image.png; name = Ball_red.png; path = Resources/Ball_red.png; sourceTree = "<group>"; };
		D3B05DED188ED38B00613617 /* Ball_violet.png */ = {isa = PBXFileReference; lastKnownFileType = image.png; name = Ball_violet.png; path = Resources/Ball_violet.png; sourceTree = "<group>"; };
		D3B05DEE188ED38B00613617 /* Ball_yellow.png */ = {isa = PBXFileReference; lastKnownFileType = image.png; name = Ball_yellow.png; path = Resources/Ball_yellow.png; sourceTree = "<group>"; };
		D3B05DEF188ED38B00613617 /* Foreground.png */ = {isa = PBXFileReference; lastKnownFileType = image.png; name = Foreground.png; path = Resources/Foreground.png; sourceTree = "<group>"; };
/* End PBXFileReference section */

/* Begin PBXFrameworksBuildPhase section */
		D36AF0271884A0A1003D24B6 /* Frameworks */ = {
			isa = PBXFrameworksBuildPhase;
			buildActionMask = 2147483647;
			files = (
				D376734118FC225200017138 /* libcocos2d.a in Frameworks */,
				D36AF0321884A0A1003D24B6 /* OpenAL.framework in Frameworks */,
				D36AF0381884A0A1003D24B6 /* UIKit.framework in Frameworks */,
				D36AF02E1884A0A1003D24B6 /* QuartzCore.framework in Frameworks */,
				D36AF0361884A0A1003D24B6 /* AVFoundation.framework in Frameworks */,
				D36AF03C1884A0A1003D24B6 /* CoreGraphics.framework in Frameworks */,
				D36AF03E1884A0A1003D24B6 /* CoreText.framework in Frameworks */,
				D36AF0301884A0A1003D24B6 /* OpenGLES.framework in Frameworks */,
				D36AF03A1884A0A1003D24B6 /* Foundation.framework in Frameworks */,
				D36AF0341884A0A1003D24B6 /* AudioToolbox.framework in Frameworks */,
			);
			runOnlyForDeploymentPostprocessing = 0;
		};
/* End PBXFrameworksBuildPhase section */

/* Begin PBXGroup section */
		D36AF0211884A0A1003D24B6 = {
			isa = PBXGroup;
			children = (
				D376733618FC216100017138 /* cocos2d-ios.xcodeproj */,
				D36AF0451884A0A1003D24B6 /* CCPhysicsColorMatch */,
				D36AF02C1884A0A1003D24B6 /* Frameworks */,
				D36AF02B1884A0A1003D24B6 /* Products */,
			);
			sourceTree = "<group>";
		};
		D36AF02B1884A0A1003D24B6 /* Products */ = {
			isa = PBXGroup;
			children = (
				D36AF02A1884A0A1003D24B6 /* CCPhysicsColorMatch.app */,
			);
			name = Products;
			sourceTree = "<group>";
		};
		D36AF02C1884A0A1003D24B6 /* Frameworks */ = {
			isa = PBXGroup;
			children = (
				D36AF02D1884A0A1003D24B6 /* QuartzCore.framework */,
				D36AF02F1884A0A1003D24B6 /* OpenGLES.framework */,
				D36AF0311884A0A1003D24B6 /* OpenAL.framework */,
				D36AF0331884A0A1003D24B6 /* AudioToolbox.framework */,
				D36AF0351884A0A1003D24B6 /* AVFoundation.framework */,
				D36AF0371884A0A1003D24B6 /* UIKit.framework */,
				D36AF0391884A0A1003D24B6 /* Foundation.framework */,
				D36AF03B1884A0A1003D24B6 /* CoreGraphics.framework */,
				D36AF03D1884A0A1003D24B6 /* CoreText.framework */,
			);
			name = Frameworks;
			sourceTree = "<group>";
		};
		D36AF0451884A0A1003D24B6 /* CCPhysicsColorMatch */ = {
			isa = PBXGroup;
			children = (
				D36AF0461884A0A1003D24B6 /* Resources */,
				D36AF2D41884A0A4003D24B6 /* Classes */,
				D36AF2D01884A0A4003D24B6 /* Supporting Files */,
			);
			path = CCPhysicsColorMatch;
			sourceTree = "<group>";
		};
		D36AF0461884A0A1003D24B6 /* Resources */ = {
			isa = PBXGroup;
			children = (
				D3B05DE8188ED38B00613617 /* Background.png */,
				D3B05DE9188ED38B00613617 /* Ball_blue.png */,
				D3B05DEA188ED38B00613617 /* Ball_green.png */,
				D3B05DEB188ED38B00613617 /* Ball_orange.png */,
				D3B05DEC188ED38B00613617 /* Ball_red.png */,
				D3B05DED188ED38B00613617 /* Ball_violet.png */,
				D3B05DEE188ED38B00613617 /* Ball_yellow.png */,
				D3B05DEF188ED38B00613617 /* Foreground.png */,
				D36AF3191884A42D003D24B6 /* ploop.wav */,
				D36AF31A1884A42D003D24B6 /* pop.plist */,
				D36AF31B1884A42D003D24B6 /* pop.wav */,
				D36AF31C1884A42D003D24B6 /* thump.wav */,
				D36AF3091884A3E7003D24B6 /* Background-hd.png */,
				D36AF30A1884A3E7003D24B6 /* Ball_blue-hd.png */,
				D36AF30B1884A3E7003D24B6 /* Ball_green-hd.png */,
				D36AF30C1884A3E7003D24B6 /* Ball_orange-hd.png */,
				D36AF30D1884A3E7003D24B6 /* Ball_red-hd.png */,
				D36AF30E1884A3E7003D24B6 /* Ball_violet-hd.png */,
				D36AF30F1884A3E7003D24B6 /* Ball_yellow-hd.png */,
				D36AF3101884A3E7003D24B6 /* Foreground-hd.png */,
				D36AF0471884A0A1003D24B6 /* Default.png */,
				D36AF0491884A0A1003D24B6 /* Default@2x.png */,
				D36AF04B1884A0A1003D24B6 /* Default-568h@2x.png */,
				D36AF04D1884A0A1003D24B6 /* Default-Landscape~ipad.png */,
				D36AF06A1884A0A2003D24B6 /* Info.plist */,
				D36AF04F1884A0A1003D24B6 /* Icons */,
			);
			name = Resources;
			sourceTree = "<group>";
		};
		D36AF04F1884A0A1003D24B6 /* Icons */ = {
			isa = PBXGroup;
			children = (
				D36AF0501884A0A1003D24B6 /* Icon.png */,
				D36AF0521884A0A1003D24B6 /* Icon@2x.png */,
				D36AF0541884A0A1003D24B6 /* Icon-72.png */,
				D36AF0561884A0A1003D24B6 /* Icon-72@2x.png */,
				D36AF0581884A0A1003D24B6 /* Icon-76.png */,
				D36AF05A1884A0A1003D24B6 /* Icon-76@2x.png */,
				D36AF05C1884A0A1003D24B6 /* Icon-120.png */,
				D36AF05E1884A0A1003D24B6 /* Icon-iPad-Spotlight-iOS7@2x.png */,
				D36AF0601884A0A1003D24B6 /* Icon-Small-50.png */,
				D36AF0621884A0A1003D24B6 /* Icon-Small.png */,
				D36AF0641884A0A1003D24B6 /* Icon-Small@2x.png */,
				D36AF0661884A0A2003D24B6 /* Icon-Spotlight-iOS7.png */,
				D36AF0681884A0A2003D24B6 /* Icon-Spotlight-iOS7@2x.png */,
			);
			name = Icons;
			sourceTree = "<group>";
		};
		D36AF2D01884A0A4003D24B6 /* Supporting Files */ = {
			isa = PBXGroup;
			children = (
				D36AF2D11884A0A4003D24B6 /* Prefix.pch */,
				D36AF2D21884A0A4003D24B6 /* main.m */,
			);
			name = "Supporting Files";
			sourceTree = "<group>";
		};
		D36AF2D41884A0A4003D24B6 /* Classes */ = {
			isa = PBXGroup;
			children = (
				D36AF2D51884A0A4003D24B6 /* AppDelegate.h */,
				D36AF2D61884A0A4003D24B6 /* AppDelegate.m */,
				D36AF3051884A328003D24B6 /* ColorMatchScene.h */,
				D36AF3061884A328003D24B6 /* ColorMatchScene.m */,
				D36AF3031884A328003D24B6 /* Ball.h */,
				D36AF3041884A328003D24B6 /* Ball.m */,
			);
			name = Classes;
			sourceTree = "<group>";
		};
		D376733718FC216100017138 /* Products */ = {
			isa = PBXGroup;
			children = (
				D376733D18FC216200017138 /* libcocos2d.a */,
			);
			name = Products;
			sourceTree = "<group>";
		};
/* End PBXGroup section */

/* Begin PBXNativeTarget section */
		D36AF0291884A0A1003D24B6 /* CCPhysicsColorMatch */ = {
			isa = PBXNativeTarget;
			buildConfigurationList = D36AF3001884A0A4003D24B6 /* Build configuration list for PBXNativeTarget "CCPhysicsColorMatch" */;
			buildPhases = (
				D36AF0261884A0A1003D24B6 /* Sources */,
				D36AF0271884A0A1003D24B6 /* Frameworks */,
				D36AF0281884A0A1003D24B6 /* Resources */,
			);
			buildRules = (
			);
			dependencies = (
				D376733F18FC218100017138 /* PBXTargetDependency */,
			);
			name = CCPhysicsColorMatch;
			productName = CCPhysicsColorMatch;
			productReference = D36AF02A1884A0A1003D24B6 /* CCPhysicsColorMatch.app */;
			productType = "com.apple.product-type.application";
		};
/* End PBXNativeTarget section */

/* Begin PBXProject section */
		D36AF0221884A0A1003D24B6 /* Project object */ = {
			isa = PBXProject;
			attributes = {
				LastUpgradeCheck = 0500;
				ORGANIZATIONNAME = "Howling Moon Software";
			};
			buildConfigurationList = D36AF0251884A0A1003D24B6 /* Build configuration list for PBXProject "CCPhysicsColorMatch" */;
			compatibilityVersion = "Xcode 3.2";
			developmentRegion = English;
			hasScannedForEncodings = 0;
			knownRegions = (
				en,
			);
			mainGroup = D36AF0211884A0A1003D24B6;
			productRefGroup = D36AF02B1884A0A1003D24B6 /* Products */;
			projectDirPath = "";
			projectReferences = (
				{
					ProductGroup = D376733718FC216100017138 /* Products */;
					ProjectRef = D376733618FC216100017138 /* cocos2d-ios.xcodeproj */;
				},
			);
			projectRoot = "";
			targets = (
				D36AF0291884A0A1003D24B6 /* CCPhysicsColorMatch */,
			);
		};
/* End PBXProject section */

/* Begin PBXReferenceProxy section */
		D376733D18FC216200017138 /* libcocos2d.a */ = {
			isa = PBXReferenceProxy;
			fileType = archive.ar;
			path = libcocos2d.a;
			remoteRef = D376733C18FC216200017138 /* PBXContainerItemProxy */;
			sourceTree = BUILT_PRODUCTS_DIR;
		};
/* End PBXReferenceProxy section */

/* Begin PBXResourcesBuildPhase section */
		D36AF0281884A0A1003D24B6 /* Resources */ = {
			isa = PBXResourcesBuildPhase;
			buildActionMask = 2147483647;
			files = (
				D36AF04A1884A0A1003D24B6 /* Default@2x.png in Resources */,
				D36AF05D1884A0A1003D24B6 /* Icon-120.png in Resources */,
				D36AF3111884A3E7003D24B6 /* Background-hd.png in Resources */,
				D36AF3141884A3E7003D24B6 /* Ball_orange-hd.png in Resources */,
				D36AF0531884A0A1003D24B6 /* Icon@2x.png in Resources */,
				D36AF0651884A0A2003D24B6 /* Icon-Small@2x.png in Resources */,
				D3B05DF5188ED38B00613617 /* Ball_violet.png in Resources */,
				D36AF0571884A0A1003D24B6 /* Icon-72@2x.png in Resources */,
				D36AF3151884A3E7003D24B6 /* Ball_red-hd.png in Resources */,
				D36AF0481884A0A1003D24B6 /* Default.png in Resources */,
				D36AF0511884A0A1003D24B6 /* Icon.png in Resources */,
				D36AF05F1884A0A1003D24B6 /* Icon-iPad-Spotlight-iOS7@2x.png in Resources */,
				D36AF04E1884A0A1003D24B6 /* Default-Landscape~ipad.png in Resources */,
				D36AF0631884A0A1003D24B6 /* Icon-Small.png in Resources */,
				D3B05DF4188ED38B00613617 /* Ball_red.png in Resources */,
				D36AF0611884A0A1003D24B6 /* Icon-Small-50.png in Resources */,
				D3B05DF6188ED38B00613617 /* Ball_yellow.png in Resources */,
				D3B05DF2188ED38B00613617 /* Ball_green.png in Resources */,
				D36AF3121884A3E7003D24B6 /* Ball_blue-hd.png in Resources */,
				D3B05DF0188ED38B00613617 /* Background.png in Resources */,
				D36AF0551884A0A1003D24B6 /* Icon-72.png in Resources */,
				D36AF31E1884A42D003D24B6 /* pop.plist in Resources */,
				D36AF04C1884A0A1003D24B6 /* Default-568h@2x.png in Resources */,
				D36AF31F1884A42D003D24B6 /* pop.wav in Resources */,
				D3B05DF3188ED38B00613617 /* Ball_orange.png in Resources */,
				D36AF3181884A3E7003D24B6 /* Foreground-hd.png in Resources */,
				D36AF0671884A0A2003D24B6 /* Icon-Spotlight-iOS7.png in Resources */,
				D36AF05B1884A0A1003D24B6 /* Icon-76@2x.png in Resources */,
				D36AF3161884A3E7003D24B6 /* Ball_violet-hd.png in Resources */,
				D36AF0691884A0A2003D24B6 /* Icon-Spotlight-iOS7@2x.png in Resources */,
				D36AF31D1884A42D003D24B6 /* ploop.wav in Resources */,
				D36AF0591884A0A1003D24B6 /* Icon-76.png in Resources */,
				D3B05DF7188ED38B00613617 /* Foreground.png in Resources */,
				D36AF3171884A3E7003D24B6 /* Ball_yellow-hd.png in Resources */,
				D36AF3201884A42D003D24B6 /* thump.wav in Resources */,
				D36AF3131884A3E7003D24B6 /* Ball_green-hd.png in Resources */,
				D3B05DF1188ED38B00613617 /* Ball_blue.png in Resources */,
			);
			runOnlyForDeploymentPostprocessing = 0;
		};
/* End PBXResourcesBuildPhase section */

/* Begin PBXSourcesBuildPhase section */
		D36AF0261884A0A1003D24B6 /* Sources */ = {
			isa = PBXSourcesBuildPhase;
			buildActionMask = 2147483647;
			files = (
				D36AF3071884A328003D24B6 /* Ball.m in Sources */,
				D36AF2D31884A0A4003D24B6 /* main.m in Sources */,
				D36AF2D71884A0A4003D24B6 /* AppDelegate.m in Sources */,
				D36AF3081884A328003D24B6 /* ColorMatchScene.m in Sources */,
			);
			runOnlyForDeploymentPostprocessing = 0;
		};
/* End PBXSourcesBuildPhase section */

/* Begin PBXTargetDependency section */
		D376733F18FC218100017138 /* PBXTargetDependency */ = {
			isa = PBXTargetDependency;
			name = cocos2d;
			targetProxy = D376733E18FC218100017138 /* PBXContainerItemProxy */;
		};
/* End PBXTargetDependency section */

/* Begin XCBuildConfiguration section */
		D36AF2FB1884A0A4003D24B6 /* Debug */ = {
			isa = XCBuildConfiguration;
			buildSettings = {
				ARCHS = "$(ARCHS_STANDARD_32_BIT)";
				CLANG_ENABLE_OBJC_ARC = YES;
				"CODE_SIGN_IDENTITY[sdk=iphoneos*]" = "iPhone Developer";
				GCC_C_LANGUAGE_STANDARD = gnu99;
				GCC_OPTIMIZATION_LEVEL = 0;
				GCC_PREPROCESSOR_DEFINITIONS = (
					DEBUG,
					"COCOS2D_DEBUG=1",
				);
				GCC_SYMBOLS_PRIVATE_EXTERN = NO;
				GCC_VERSION = com.apple.compilers.llvm.clang.1_0;
				GCC_WARN_ABOUT_RETURN_TYPE = YES;
				GCC_WARN_UNUSED_VARIABLE = YES;
				IPHONEOS_DEPLOYMENT_TARGET = 5.0;
				SDKROOT = iphoneos;
				TARGETED_DEVICE_FAMILY = "1,2";
			};
			name = Debug;
		};
		D36AF2FC1884A0A4003D24B6 /* Release */ = {
			isa = XCBuildConfiguration;
			buildSettings = {
				ARCHS = "$(ARCHS_STANDARD_32_BIT)";
				CLANG_ENABLE_OBJC_ARC = YES;
				"CODE_SIGN_IDENTITY[sdk=iphoneos*]" = "iPhone Developer";
				GCC_C_LANGUAGE_STANDARD = gnu99;
				GCC_PREPROCESSOR_DEFINITIONS = (
					NDEBUG,
					"NS_BLOCK_ASSERTIONS=1",
				);
				GCC_VERSION = com.apple.compilers.llvm.clang.1_0;
				GCC_WARN_ABOUT_RETURN_TYPE = YES;
				GCC_WARN_UNUSED_VARIABLE = YES;
				IPHONEOS_DEPLOYMENT_TARGET = 5.0;
				SDKROOT = iphoneos;
				TARGETED_DEVICE_FAMILY = "1,2";
			};
			name = Release;
		};
		D36AF3011884A0A4003D24B6 /* Debug */ = {
			isa = XCBuildConfiguration;
			buildSettings = {
				ALWAYS_SEARCH_USER_PATHS = NO;
				ARCHS = "$(ARCHS_STANDARD)";
				COPY_PHASE_STRIP = NO;
				GCC_DYNAMIC_NO_PIC = NO;
				GCC_PRECOMPILE_PREFIX_HEADER = YES;
				GCC_PREFIX_HEADER = "CCPhysicsColorMatch/Supporting Files/Prefix.pch";
				HEADER_SEARCH_PATHS = (
					"\"$(SRCROOT)/Cocos2D/cocos2d\"/**",
					"\"$(SRCROOT)/Cocos2D/external/Chipmunk/include\"",
					"\"$(SRCROOT)/Cocos2D/external/Chipmunk/objectivec/include\"",
					"\"$(SRCROOT)/Cocos2D/external/kazmath/include\"",
					"\"$(SRCROOT)/Cocos2D/external/ObjectAL\"/**",
				);
				INFOPLIST_FILE = CCPhysicsColorMatch/Resources/Info.plist;
				ONLY_ACTIVE_ARCH = YES;
				OTHER_LDFLAGS = (
					"-lz",
					"-lsqlite3",
					"-ObjC",
				);
				PRODUCT_NAME = "$(TARGET_NAME)";
				WRAPPER_EXTENSION = app;
			};
			name = Debug;
		};
		D36AF3021884A0A4003D24B6 /* Release */ = {
			isa = XCBuildConfiguration;
			buildSettings = {
				ALWAYS_SEARCH_USER_PATHS = NO;
				ARCHS = "$(ARCHS_STANDARD)";
				COPY_PHASE_STRIP = YES;
				GCC_PRECOMPILE_PREFIX_HEADER = YES;
				GCC_PREFIX_HEADER = "CCPhysicsColorMatch/Supporting Files/Prefix.pch";
				HEADER_SEARCH_PATHS = (
					"\"$(SRCROOT)/Cocos2D/cocos2d\"/**",
					"\"$(SRCROOT)/Cocos2D/external/Chipmunk/include\"",
					"\"$(SRCROOT)/Cocos2D/external/Chipmunk/objectivec/include\"",
					"\"$(SRCROOT)/Cocos2D/external/kazmath/include\"",
					"\"$(SRCROOT)/Cocos2D/external/ObjectAL\"/**",
				);
				INFOPLIST_FILE = CCPhysicsColorMatch/Resources/Info.plist;
				ONLY_ACTIVE_ARCH = YES;
				OTHER_LDFLAGS = (
					"-lz",
					"-lsqlite3",
					"-ObjC",
				);
				PRODUCT_NAME = "$(TARGET_NAME)";
				VALIDATE_PRODUCT = YES;
				WRAPPER_EXTENSION = app;
			};
			name = Release;
		};
/* End XCBuildConfiguration section */

/* Begin XCConfigurationList section */
		D36AF0251884A0A1003D24B6 /* Build configuration list for PBXProject "CCPhysicsColorMatch" */ = {
			isa = XCConfigurationList;
			buildConfigurations = (
				D36AF2FB1884A0A4003D24B6 /* Debug */,
				D36AF2FC1884A0A4003D24B6 /* Release */,
			);
			defaultConfigurationIsVisible = 0;
			defaultConfigurationName = Release;
		};
		D36AF3001884A0A4003D24B6 /* Build configuration list for PBXNativeTarget "CCPhysicsColorMatch" */ = {
			isa = XCConfigurationList;
			buildConfigurations = (
				D36AF3011884A0A4003D24B6 /* Debug */,
				D36AF3021884A0A4003D24B6 /* Release */,
			);
			defaultConfigurationIsVisible = 0;
			defaultConfigurationName = Release;
		};
/* End XCConfigurationList section */
	};
	rootObject = D36AF0221884A0A1003D24B6 /* Project object */;
}
